
Microsoft Visual Studio Solution File, Format Version 12.00
# Visual Studio Version 17
VisualStudioVersion = 17.8.34227.203
MinimumVisualStudioVersion = 10.0.40219.1
Project("{9A19103F-16F7-4668-BE54-9A1E7A4F7556}") = "Experts", "HiringManager\Experts.csproj", "{92B42D9E-6A6F-4690-880D-6E1C9C32495E}"
EndProject
Project("{9A19103F-16F7-4668-BE54-9A1E7A4F7556}") = "WebApp", "Shared.Technology.WebApp\WebApp.csproj", "{F18F1049-89AF-4D85-89CD-E7FA85E1E9FF}"
EndProject
Project("{9A19103F-16F7-4668-BE54-9A1E7A4F7556}") = "Design", "Design\Design.csproj", "{DD63E5E4-93ED-4A64-8E11-C0740DEE0E99}"
EndProject
Project("{2150E333-8FDC-42A3-9474-1A3956D46DE8}") = "Solution Items", "Solution Items", "{573DC907-53B8-4FAD-B1F9-AB8F7DE1CEDA}"
	ProjectSection(SolutionItems) = preProject
		TextFile1.txt = TextFile1.txt
	EndProjectSection
EndProject
Project("{FAE04EC0-301F-11D3-BF4B-00C04F79EFBC}") = "AppCore", "AppCore\AppCore.csproj", "{B3469DCA-6BD9-4940-9084-26300273D39C}"
EndProject
Project("{FAE04EC0-301F-11D3-BF4B-00C04F79EFBC}") = "AppPolicy", "AppPolicy\AppPolicy.csproj", "{A3922F9E-2331-4A92-A29E-31162F1AC3CE}"
EndProject
Global
	GlobalSection(SolutionConfigurationPlatforms) = preSolution
		Debug|Any CPU = Debug|Any CPU
		Release|Any CPU = Release|Any CPU
	EndGlobalSection
	GlobalSection(ProjectConfigurationPlatforms) = postSolution
		{92B42D9E-6A6F-4690-880D-6E1C9C32495E}.Debug|Any CPU.ActiveCfg = Debug|Any CPU
		{92B42D9E-6A6F-4690-880D-6E1C9C32495E}.Debug|Any CPU.Build.0 = Debug|Any CPU
		{92B42D9E-6A6F-4690-880D-6E1C9C32495E}.Release|Any CPU.ActiveCfg = Release|Any CPU
		{92B42D9E-6A6F-4690-880D-6E1C9C32495E}.Release|Any CPU.Build.0 = Release|Any CPU
		{F18F1049-89AF-4D85-89CD-E7FA85E1E9FF}.Debug|Any CPU.ActiveCfg = Debug|Any CPU
		{F18F1049-89AF-4D85-89CD-E7FA85E1E9FF}.Debug|Any CPU.Build.0 = Debug|Any CPU
		{F18F1049-89AF-4D85-89CD-E7FA85E1E9FF}.Release|Any CPU.ActiveCfg = Release|Any CPU
		{F18F1049-89AF-4D85-89CD-E7FA85E1E9FF}.Release|Any CPU.Build.0 = Release|Any CPU
		{DD63E5E4-93ED-4A64-8E11-C0740DEE0E99}.Debug|Any CPU.ActiveCfg = Debug|Any CPU
		{DD63E5E4-93ED-4A64-8E11-C0740DEE0E99}.Debug|Any CPU.Build.0 = Debug|Any CPU
		{DD63E5E4-93ED-4A64-8E11-C0740DEE0E99}.Release|Any CPU.ActiveCfg = Release|Any CPU
		{DD63E5E4-93ED-4A64-8E11-C0740DEE0E99}.Release|Any CPU.Build.0 = Release|Any CPU
		{B3469DCA-6BD9-4940-9084-26300273D39C}.Debug|Any CPU.ActiveCfg = Debug|Any CPU
		{B3469DCA-6BD9-4940-9084-26300273D39C}.Debug|Any CPU.Build.0 = Debug|Any CPU
		{B3469DCA-6BD9-4940-9084-26300273D39C}.Release|Any CPU.ActiveCfg = Release|Any CPU
		{B3469DCA-6BD9-4940-9084-26300273D39C}.Release|Any CPU.Build.0 = Release|Any CPU
		{A3922F9E-2331-4A92-A29E-31162F1AC3CE}.Debug|Any CPU.ActiveCfg = Debug|Any CPU
		{A3922F9E-2331-4A92-A29E-31162F1AC3CE}.Debug|Any CPU.Build.0 = Debug|Any CPU
		{A3922F9E-2331-4A92-A29E-31162F1AC3CE}.Release|Any CPU.ActiveCfg = Release|Any CPU
		{A3922F9E-2331-4A92-A29E-31162F1AC3CE}.Release|Any CPU.Build.0 = Release|Any CPU
	EndGlobalSection
	GlobalSection(SolutionProperties) = preSolution
		HideSolutionNode = FALSE
	EndGlobalSection
	GlobalSection(ExtensibilityGlobals) = postSolution
		SolutionGuid = {CC0D47BD-147E-4E6F-A06A-FFDEB8696E0F}
	EndGlobalSection
EndGlobal
