
Microsoft Visual Studio Solution File, Format Version 12.00
# Visual Studio Version 17
VisualStudioVersion = 17.0.31903.59
MinimumVisualStudioVersion = 10.0.40219.1
Project("{2150E333-8FDC-42A3-9474-1A3956D46DE8}") = "Solution Items", "Solution Items", "{86DD53DB-646C-4E4D-A14C-9EDEC21D00F8}"
	ProjectSection(SolutionItems) = preProject
		.dockerignore = .dockerignore
		.env = .env
		.gitattributes = .gitattributes
		.gitignore = .gitignore
		azure-pipelines.yml = azure-pipelines.yml
		docker-compose.override.yml = docker-compose.override.yml
		docker-compose.yml = docker-compose.yml
		NuGet.Config = NuGet.Config
		README.md = README.md
	EndProjectSection
EndProject
Project("{FAE04EC0-301F-11D3-BF4B-00C04F79EFBC}") = "ApiGateway", "src\ApiGateway\ApiGateway.csproj", "{64428D44-64A2-4C88-9DD4-375211736E10}"
EndProject
Project("{FAE04EC0-301F-11D3-BF4B-00C04F79EFBC}") = "IdentityService", "src\IdentityService\IdentityService.csproj", "{0993E2BC-BB1E-4A80-AB1F-DCF28F27DE63}"
EndProject
Project("{FAE04EC0-301F-11D3-BF4B-00C04F79EFBC}") = "TradingPortal.Blazor", "src\TradingPortal.Blazor\TradingPortal.Blazor.csproj", "{DC9FCB09-2EAE-4697-A4DD-7FE6D06D6BEC}"
EndProject
Project("{FAE04EC0-301F-11D3-BF4B-00C04F79EFBC}") = "Infrastructure", "src\Infrastructure\Infrastructure.csproj", "{AC69EB60-D180-4A4B-BBEF-06A31C2DE1CC}"
EndProject
Project("{FAE04EC0-301F-11D3-BF4B-00C04F79EFBC}") = "TradingService", "src\TradingService\TradingService.csproj", "{97E4E7DD-0FBC-2ACB-BACA-7C672C874A82}"
EndProject
Project("{FAE04EC0-301F-11D3-BF4B-00C04F79EFBC}") = "RiskService", "src\RiskService\RiskService.csproj", "{F3431DEF-C8E2-B7BF-B8A5-57B7B33B06B5}"
EndProject
Project("{FAE04EC0-301F-11D3-BF4B-00C04F79EFBC}") = "ComplianceService", "src\ComplianceService\ComplianceService.csproj", "{3BF60E22-E16A-11FB-4978-2D2F7DD1959C}"
EndProject
Project("{FAE04EC0-301F-11D3-BF4B-00C04F79EFBC}") = "MonitoringService", "src\MonitoringService\MonitoringService.csproj", "{D1A8FCFD-C88F-440D-9DDC-815C28FE14FE}"
EndProject
Project("{FAE04EC0-301F-11D3-BF4B-00C04F79EFBC}") = "AuditlService", "src\AuditService\AuditlService.csproj", "{544101EA-D320-52B3-EE45-751505DEA87D}"
EndProject
Project("{FAE04EC0-301F-11D3-BF4B-00C04F79EFBC}") = "PricingService", "src\PricingService\PricingService.csproj", "{81D7984A-214B-0ABE-5379-43705BE090C7}"
EndProject
Project("{FAE04EC0-301F-11D3-BF4B-00C04F79EFBC}") = "PortfolioService", "src\PortfolioService\PortfolioService.csproj", "{A87A07D1-90E6-EE0B-9A32-7A614169BC59}"
EndProject
Project("{FAE04EC0-301F-11D3-BF4B-00C04F79EFBC}") = "OperatorService", "src\OperatorService\OperatorService.csproj", "{384B6423-BD37-33F4-BD5D-CBA385A7792C}"
EndProject
Project("{FAE04EC0-301F-11D3-BF4B-00C04F79EFBC}") = "ApiGateway.Client", "src\ApiGateway.Client\ApiGateway.Client.csproj", "{49199729-7BE2-DEDD-D7B8-0AF80DAFC574}"
EndProject
Project("{FAE04EC0-301F-11D3-BF4B-00C04F79EFBC}") = "BacktesterService", "src\BacktesterService\BacktesterService.csproj", "{3F8A4801-612C-A974-7ADC-FB79394ADAB2}"
EndProject
Project("{FAE04EC0-301F-11D3-BF4B-00C04F79EFBC}") = "Tests", "src\Tests\Tests.csproj", "{7F07676E-FF70-6F3E-0158-57089DADC62B}"
EndProject
Project("{FAE04EC0-301F-11D3-BF4B-00C04F79EFBC}") = "IdentityService.Client", "src\IdentityService.Client\IdentityService.Client.csproj", "{A0B15A89-A8CC-95B7-7E4F-E05119D6EFF6}"
EndProject
Project("{FAE04EC0-301F-11D3-BF4B-00C04F79EFBC}") = "TradingPortal.BlazorWebApp", "src\TradingPortal.BlazorWebApp\TradingPortal.BlazorWebApp.csproj", "{DDA0D201-4539-404D-A234-45180B5B8F6D}"
EndProject
Global
	GlobalSection(SolutionConfigurationPlatforms) = preSolution
		Debug|Any CPU = Debug|Any CPU
		Release|Any CPU = Release|Any CPU
	EndGlobalSection
	GlobalSection(ProjectConfigurationPlatforms) = postSolution
		{64428D44-64A2-4C88-9DD4-375211736E10}.Debug|Any CPU.ActiveCfg = Debug|Any CPU
		{64428D44-64A2-4C88-9DD4-375211736E10}.Debug|Any CPU.Build.0 = Debug|Any CPU
		{64428D44-64A2-4C88-9DD4-375211736E10}.Release|Any CPU.ActiveCfg = Release|Any CPU
		{64428D44-64A2-4C88-9DD4-375211736E10}.Release|Any CPU.Build.0 = Release|Any CPU
		{0993E2BC-BB1E-4A80-AB1F-DCF28F27DE63}.Debug|Any CPU.ActiveCfg = Debug|Any CPU
		{0993E2BC-BB1E-4A80-AB1F-DCF28F27DE63}.Debug|Any CPU.Build.0 = Debug|Any CPU
		{0993E2BC-BB1E-4A80-AB1F-DCF28F27DE63}.Release|Any CPU.ActiveCfg = Release|Any CPU
		{0993E2BC-BB1E-4A80-AB1F-DCF28F27DE63}.Release|Any CPU.Build.0 = Release|Any CPU
		{DC9FCB09-2EAE-4697-A4DD-7FE6D06D6BEC}.Debug|Any CPU.ActiveCfg = Debug|Any CPU
		{DC9FCB09-2EAE-4697-A4DD-7FE6D06D6BEC}.Debug|Any CPU.Build.0 = Debug|Any CPU
		{DC9FCB09-2EAE-4697-A4DD-7FE6D06D6BEC}.Release|Any CPU.ActiveCfg = Release|Any CPU
		{DC9FCB09-2EAE-4697-A4DD-7FE6D06D6BEC}.Release|Any CPU.Build.0 = Release|Any CPU
		{AC69EB60-D180-4A4B-BBEF-06A31C2DE1CC}.Debug|Any CPU.ActiveCfg = Debug|Any CPU
		{AC69EB60-D180-4A4B-BBEF-06A31C2DE1CC}.Debug|Any CPU.Build.0 = Debug|Any CPU
		{AC69EB60-D180-4A4B-BBEF-06A31C2DE1CC}.Release|Any CPU.ActiveCfg = Release|Any CPU
		{AC69EB60-D180-4A4B-BBEF-06A31C2DE1CC}.Release|Any CPU.Build.0 = Release|Any CPU
		{97E4E7DD-0FBC-2ACB-BACA-7C672C874A82}.Debug|Any CPU.ActiveCfg = Debug|Any CPU
		{97E4E7DD-0FBC-2ACB-BACA-7C672C874A82}.Debug|Any CPU.Build.0 = Debug|Any CPU
		{97E4E7DD-0FBC-2ACB-BACA-7C672C874A82}.Release|Any CPU.ActiveCfg = Release|Any CPU
		{97E4E7DD-0FBC-2ACB-BACA-7C672C874A82}.Release|Any CPU.Build.0 = Release|Any CPU
		{F3431DEF-C8E2-B7BF-B8A5-57B7B33B06B5}.Debug|Any CPU.ActiveCfg = Debug|Any CPU
		{F3431DEF-C8E2-B7BF-B8A5-57B7B33B06B5}.Debug|Any CPU.Build.0 = Debug|Any CPU
		{F3431DEF-C8E2-B7BF-B8A5-57B7B33B06B5}.Release|Any CPU.ActiveCfg = Release|Any CPU
		{F3431DEF-C8E2-B7BF-B8A5-57B7B33B06B5}.Release|Any CPU.Build.0 = Release|Any CPU
		{3BF60E22-E16A-11FB-4978-2D2F7DD1959C}.Debug|Any CPU.ActiveCfg = Debug|Any CPU
		{3BF60E22-E16A-11FB-4978-2D2F7DD1959C}.Debug|Any CPU.Build.0 = Debug|Any CPU
		{3BF60E22-E16A-11FB-4978-2D2F7DD1959C}.Release|Any CPU.ActiveCfg = Release|Any CPU
		{3BF60E22-E16A-11FB-4978-2D2F7DD1959C}.Release|Any CPU.Build.0 = Release|Any CPU
		{D1A8FCFD-C88F-440D-9DDC-815C28FE14FE}.Debug|Any CPU.ActiveCfg = Debug|Any CPU
		{D1A8FCFD-C88F-440D-9DDC-815C28FE14FE}.Debug|Any CPU.Build.0 = Debug|Any CPU
		{D1A8FCFD-C88F-440D-9DDC-815C28FE14FE}.Release|Any CPU.ActiveCfg = Release|Any CPU
		{D1A8FCFD-C88F-440D-9DDC-815C28FE14FE}.Release|Any CPU.Build.0 = Release|Any CPU
		{544101EA-D320-52B3-EE45-751505DEA87D}.Debug|Any CPU.ActiveCfg = Debug|Any CPU
		{544101EA-D320-52B3-EE45-751505DEA87D}.Debug|Any CPU.Build.0 = Debug|Any CPU
		{544101EA-D320-52B3-EE45-751505DEA87D}.Release|Any CPU.ActiveCfg = Release|Any CPU
		{544101EA-D320-52B3-EE45-751505DEA87D}.Release|Any CPU.Build.0 = Release|Any CPU
		{81D7984A-214B-0ABE-5379-43705BE090C7}.Debug|Any CPU.ActiveCfg = Debug|Any CPU
		{81D7984A-214B-0ABE-5379-43705BE090C7}.Debug|Any CPU.Build.0 = Debug|Any CPU
		{81D7984A-214B-0ABE-5379-43705BE090C7}.Release|Any CPU.ActiveCfg = Release|Any CPU
		{81D7984A-214B-0ABE-5379-43705BE090C7}.Release|Any CPU.Build.0 = Release|Any CPU
		{A87A07D1-90E6-EE0B-9A32-7A614169BC59}.Debug|Any CPU.ActiveCfg = Debug|Any CPU
		{A87A07D1-90E6-EE0B-9A32-7A614169BC59}.Debug|Any CPU.Build.0 = Debug|Any CPU
		{A87A07D1-90E6-EE0B-9A32-7A614169BC59}.Release|Any CPU.ActiveCfg = Release|Any CPU
		{A87A07D1-90E6-EE0B-9A32-7A614169BC59}.Release|Any CPU.Build.0 = Release|Any CPU
		{384B6423-BD37-33F4-BD5D-CBA385A7792C}.Debug|Any CPU.ActiveCfg = Debug|Any CPU
		{384B6423-BD37-33F4-BD5D-CBA385A7792C}.Debug|Any CPU.Build.0 = Debug|Any CPU
		{384B6423-BD37-33F4-BD5D-CBA385A7792C}.Release|Any CPU.ActiveCfg = Release|Any CPU
		{384B6423-BD37-33F4-BD5D-CBA385A7792C}.Release|Any CPU.Build.0 = Release|Any CPU
		{49199729-7BE2-DEDD-D7B8-0AF80DAFC574}.Debug|Any CPU.ActiveCfg = Debug|Any CPU
		{49199729-7BE2-DEDD-D7B8-0AF80DAFC574}.Debug|Any CPU.Build.0 = Debug|Any CPU
		{49199729-7BE2-DEDD-D7B8-0AF80DAFC574}.Release|Any CPU.ActiveCfg = Release|Any CPU
		{49199729-7BE2-DEDD-D7B8-0AF80DAFC574}.Release|Any CPU.Build.0 = Release|Any CPU
		{3F8A4801-612C-A974-7ADC-FB79394ADAB2}.Debug|Any CPU.ActiveCfg = Debug|Any CPU
		{3F8A4801-612C-A974-7ADC-FB79394ADAB2}.Debug|Any CPU.Build.0 = Debug|Any CPU
		{3F8A4801-612C-A974-7ADC-FB79394ADAB2}.Release|Any CPU.ActiveCfg = Release|Any CPU
		{3F8A4801-612C-A974-7ADC-FB79394ADAB2}.Release|Any CPU.Build.0 = Release|Any CPU
		{7F07676E-FF70-6F3E-0158-57089DADC62B}.Debug|Any CPU.ActiveCfg = Debug|Any CPU
		{7F07676E-FF70-6F3E-0158-57089DADC62B}.Debug|Any CPU.Build.0 = Debug|Any CPU
		{7F07676E-FF70-6F3E-0158-57089DADC62B}.Release|Any CPU.ActiveCfg = Release|Any CPU
		{7F07676E-FF70-6F3E-0158-57089DADC62B}.Release|Any CPU.Build.0 = Release|Any CPU
		{A0B15A89-A8CC-95B7-7E4F-E05119D6EFF6}.Debug|Any CPU.ActiveCfg = Debug|Any CPU
		{A0B15A89-A8CC-95B7-7E4F-E05119D6EFF6}.Debug|Any CPU.Build.0 = Debug|Any CPU
		{A0B15A89-A8CC-95B7-7E4F-E05119D6EFF6}.Release|Any CPU.ActiveCfg = Release|Any CPU
		{A0B15A89-A8CC-95B7-7E4F-E05119D6EFF6}.Release|Any CPU.Build.0 = Release|Any CPU
		{DDA0D201-4539-404D-A234-45180B5B8F6D}.Debug|Any CPU.ActiveCfg = Debug|Any CPU
		{DDA0D201-4539-404D-A234-45180B5B8F6D}.Debug|Any CPU.Build.0 = Debug|Any CPU
		{DDA0D201-4539-404D-A234-45180B5B8F6D}.Release|Any CPU.ActiveCfg = Release|Any CPU
		{DDA0D201-4539-404D-A234-45180B5B8F6D}.Release|Any CPU.Build.0 = Release|Any CPU
	EndGlobalSection
	GlobalSection(SolutionProperties) = preSolution
		HideSolutionNode = FALSE
	EndGlobalSection
	GlobalSection(ExtensibilityGlobals) = postSolution
		SolutionGuid = {034506CA-413A-4B07-875B-551801C3DDB9}
	EndGlobalSection
EndGlobal
