
Microsoft Visual Studio Solution File, Format Version 12.00
# Visual Studio Version 17
VisualStudioVersion = 17.0.31903.59
MinimumVisualStudioVersion = 10.0.40219.1
Project("{2150E333-8FDC-42A3-9474-1A3956D46DE8}") = "Common", "Common", "{B6923501-59EA-49D4-AE7E-E05A66101A5C}"
EndProject
Project("{2150E333-8FDC-42A3-9474-1A3956D46DE8}") = "Actors", "Actors", "{2B56B5BE-5021-468C-B1B2-6064CD4F28D2}"
EndProject
Project("{9A19103F-16F7-4668-BE54-9A1E7A4F7556}") = "Technology", "Technology\Technology.csproj", "{B493A5CD-9966-4470-80BD-72B8F9F4AE42}"
EndProject
Project("{9A19103F-16F7-4668-BE54-9A1E7A4F7556}") = "Domain", "Domain\Domain.csproj", "{D6FBE161-95EA-4EB3-9D4C-AF0D63659276}"
EndProject
Project("{9A19103F-16F7-4668-BE54-9A1E7A4F7556}") = "AlgorithmicTradingPlatform.Blazor", "AlgorithmicTradingPlatform.Blazor\AlgorithmicTradingPlatform.Blazor.csproj", "{060BADD0-4681-48BB-A042-EA6F1738181F}"
EndProject
Project("{FAE04EC0-301F-11D3-BF4B-00C04F79EFBC}") = "Trader", "Trader\Trader.csproj", "{7F32A0C5-9C2B-443B-986C-FBB33677FAA5}"
EndProject
Project("{FAE04EC0-301F-11D3-BF4B-00C04F79EFBC}") = "RiskManager", "RiskManager\RiskManager.csproj", "{5D28F64D-8A82-4174-A9D7-045401FA14CE}"
EndProject
Project("{FAE04EC0-301F-11D3-BF4B-00C04F79EFBC}") = "ComplianceOfficer", "ComplianceOfficer\ComplianceOfficer.csproj", "{40CDC7D5-D230-4766-AC4F-84C3F8E486EC}"
EndProject
Project("{FAE04EC0-301F-11D3-BF4B-00C04F79EFBC}") = "PortfolioManager", "PortfolioManager\PortfolioManager.csproj", "{1F9D9B5F-1E32-4211-8F0E-7AC44B6765D3}"
EndProject
Project("{FAE04EC0-301F-11D3-BF4B-00C04F79EFBC}") = "TechnicalOperator", "TechnicalOperator\TechnicalOperator.csproj", "{3148D3F9-E50B-4F5D-86BF-E6A8DB757661}"
EndProject
Project("{FAE04EC0-301F-11D3-BF4B-00C04F79EFBC}") = "Backtester", "Backtester\Backtester.csproj", "{D3FDF41F-542E-4E78-9881-5945EF994A20}"
EndProject
Global
	GlobalSection(SolutionConfigurationPlatforms) = preSolution
		Debug|Any CPU = Debug|Any CPU
		Release|Any CPU = Release|Any CPU
	EndGlobalSection
	GlobalSection(ProjectConfigurationPlatforms) = postSolution
		{B493A5CD-9966-4470-80BD-72B8F9F4AE42}.Debug|Any CPU.ActiveCfg = Debug|Any CPU
		{B493A5CD-9966-4470-80BD-72B8F9F4AE42}.Debug|Any CPU.Build.0 = Debug|Any CPU
		{B493A5CD-9966-4470-80BD-72B8F9F4AE42}.Release|Any CPU.ActiveCfg = Release|Any CPU
		{B493A5CD-9966-4470-80BD-72B8F9F4AE42}.Release|Any CPU.Build.0 = Release|Any CPU
		{D6FBE161-95EA-4EB3-9D4C-AF0D63659276}.Debug|Any CPU.ActiveCfg = Debug|Any CPU
		{D6FBE161-95EA-4EB3-9D4C-AF0D63659276}.Debug|Any CPU.Build.0 = Debug|Any CPU
		{D6FBE161-95EA-4EB3-9D4C-AF0D63659276}.Release|Any CPU.ActiveCfg = Release|Any CPU
		{D6FBE161-95EA-4EB3-9D4C-AF0D63659276}.Release|Any CPU.Build.0 = Release|Any CPU
		{060BADD0-4681-48BB-A042-EA6F1738181F}.Debug|Any CPU.ActiveCfg = Debug|Any CPU
		{060BADD0-4681-48BB-A042-EA6F1738181F}.Debug|Any CPU.Build.0 = Debug|Any CPU
		{060BADD0-4681-48BB-A042-EA6F1738181F}.Release|Any CPU.ActiveCfg = Release|Any CPU
		{060BADD0-4681-48BB-A042-EA6F1738181F}.Release|Any CPU.Build.0 = Release|Any CPU
		{7F32A0C5-9C2B-443B-986C-FBB33677FAA5}.Debug|Any CPU.ActiveCfg = Debug|Any CPU
		{7F32A0C5-9C2B-443B-986C-FBB33677FAA5}.Debug|Any CPU.Build.0 = Debug|Any CPU
		{7F32A0C5-9C2B-443B-986C-FBB33677FAA5}.Release|Any CPU.ActiveCfg = Release|Any CPU
		{7F32A0C5-9C2B-443B-986C-FBB33677FAA5}.Release|Any CPU.Build.0 = Release|Any CPU
		{5D28F64D-8A82-4174-A9D7-045401FA14CE}.Debug|Any CPU.ActiveCfg = Debug|Any CPU
		{5D28F64D-8A82-4174-A9D7-045401FA14CE}.Debug|Any CPU.Build.0 = Debug|Any CPU
		{5D28F64D-8A82-4174-A9D7-045401FA14CE}.Release|Any CPU.ActiveCfg = Release|Any CPU
		{5D28F64D-8A82-4174-A9D7-045401FA14CE}.Release|Any CPU.Build.0 = Release|Any CPU
		{40CDC7D5-D230-4766-AC4F-84C3F8E486EC}.Debug|Any CPU.ActiveCfg = Debug|Any CPU
		{40CDC7D5-D230-4766-AC4F-84C3F8E486EC}.Debug|Any CPU.Build.0 = Debug|Any CPU
		{40CDC7D5-D230-4766-AC4F-84C3F8E486EC}.Release|Any CPU.ActiveCfg = Release|Any CPU
		{40CDC7D5-D230-4766-AC4F-84C3F8E486EC}.Release|Any CPU.Build.0 = Release|Any CPU
		{1F9D9B5F-1E32-4211-8F0E-7AC44B6765D3}.Debug|Any CPU.ActiveCfg = Debug|Any CPU
		{1F9D9B5F-1E32-4211-8F0E-7AC44B6765D3}.Debug|Any CPU.Build.0 = Debug|Any CPU
		{1F9D9B5F-1E32-4211-8F0E-7AC44B6765D3}.Release|Any CPU.ActiveCfg = Release|Any CPU
		{1F9D9B5F-1E32-4211-8F0E-7AC44B6765D3}.Release|Any CPU.Build.0 = Release|Any CPU
		{3148D3F9-E50B-4F5D-86BF-E6A8DB757661}.Debug|Any CPU.ActiveCfg = Debug|Any CPU
		{3148D3F9-E50B-4F5D-86BF-E6A8DB757661}.Debug|Any CPU.Build.0 = Debug|Any CPU
		{3148D3F9-E50B-4F5D-86BF-E6A8DB757661}.Release|Any CPU.ActiveCfg = Release|Any CPU
		{3148D3F9-E50B-4F5D-86BF-E6A8DB757661}.Release|Any CPU.Build.0 = Release|Any CPU
		{D3FDF41F-542E-4E78-9881-5945EF994A20}.Debug|Any CPU.ActiveCfg = Debug|Any CPU
		{D3FDF41F-542E-4E78-9881-5945EF994A20}.Debug|Any CPU.Build.0 = Debug|Any CPU
		{D3FDF41F-542E-4E78-9881-5945EF994A20}.Release|Any CPU.ActiveCfg = Release|Any CPU
		{D3FDF41F-542E-4E78-9881-5945EF994A20}.Release|Any CPU.Build.0 = Release|Any CPU
	EndGlobalSection
	GlobalSection(SolutionProperties) = preSolution
		HideSolutionNode = FALSE
	EndGlobalSection
	GlobalSection(NestedProjects) = preSolution
		{B493A5CD-9966-4470-80BD-72B8F9F4AE42} = {B6923501-59EA-49D4-AE7E-E05A66101A5C}
		{D6FBE161-95EA-4EB3-9D4C-AF0D63659276} = {B6923501-59EA-49D4-AE7E-E05A66101A5C}
		{060BADD0-4681-48BB-A042-EA6F1738181F} = {B6923501-59EA-49D4-AE7E-E05A66101A5C}
		{7F32A0C5-9C2B-443B-986C-FBB33677FAA5} = {2B56B5BE-5021-468C-B1B2-6064CD4F28D2}
		{5D28F64D-8A82-4174-A9D7-045401FA14CE} = {2B56B5BE-5021-468C-B1B2-6064CD4F28D2}
		{40CDC7D5-D230-4766-AC4F-84C3F8E486EC} = {2B56B5BE-5021-468C-B1B2-6064CD4F28D2}
		{1F9D9B5F-1E32-4211-8F0E-7AC44B6765D3} = {2B56B5BE-5021-468C-B1B2-6064CD4F28D2}
		{3148D3F9-E50B-4F5D-86BF-E6A8DB757661} = {2B56B5BE-5021-468C-B1B2-6064CD4F28D2}
		{D3FDF41F-542E-4E78-9881-5945EF994A20} = {2B56B5BE-5021-468C-B1B2-6064CD4F28D2}
	EndGlobalSection
	GlobalSection(ExtensibilityGlobals) = postSolution
		SolutionGuid = {DDECB932-F6EB-4E10-9B65-5A5C721362CA}
	EndGlobalSection
EndGlobal
