
Microsoft Visual Studio Solution File, Format Version 12.00
# Visual Studio Version 17
VisualStudioVersion = 17.0.31903.59
MinimumVisualStudioVersion = 10.0.40219.1
Project("{9A19103F-16F7-4668-BE54-9A1E7A4F7556}") = "Tests", "Tests\Tests.csproj", "{1E5ABBE9-BB08-4262-B4D7-C05518ACD24D}"
EndProject
Project("{9A19103F-16F7-4668-BE54-9A1E7A4F7556}") = "Common", "Common\Common.csproj", "{6048438C-7B2D-4826-B7E6-B0C80FBC14A9}"
EndProject
Project("{9A19103F-16F7-4668-BE54-9A1E7A4F7556}") = "TradingWebApp", "WebApp.Blazor\TradingWebApp.csproj", "{94202DB0-C21C-4C30-8382-7B2B7FB9B614}"
EndProject
Project("{9A19103F-16F7-4668-BE54-9A1E7A4F7556}") = "Experts", "Experts\Experts.csproj", "{2A0BAA8D-4FB2-47AC-AD2F-9EE6036E260B}"
EndProject
Project("{FAE04EC0-301F-11D3-BF4B-00C04F79EFBC}") = "TradingWebApi", "TradingApi\TradingWebApi.csproj", "{C9AA7472-098C-4ADB-B4EE-BA22C795C685}"
EndProject
Global
	GlobalSection(SolutionConfigurationPlatforms) = preSolution
		Debug|Any CPU = Debug|Any CPU
		Release|Any CPU = Release|Any CPU
	EndGlobalSection
	GlobalSection(ProjectConfigurationPlatforms) = postSolution
		{1E5ABBE9-BB08-4262-B4D7-C05518ACD24D}.Debug|Any CPU.ActiveCfg = Debug|Any CPU
		{1E5ABBE9-BB08-4262-B4D7-C05518ACD24D}.Debug|Any CPU.Build.0 = Debug|Any CPU
		{1E5ABBE9-BB08-4262-B4D7-C05518ACD24D}.Release|Any CPU.ActiveCfg = Release|Any CPU
		{1E5ABBE9-BB08-4262-B4D7-C05518ACD24D}.Release|Any CPU.Build.0 = Release|Any CPU
		{6048438C-7B2D-4826-B7E6-B0C80FBC14A9}.Debug|Any CPU.ActiveCfg = Debug|Any CPU
		{6048438C-7B2D-4826-B7E6-B0C80FBC14A9}.Debug|Any CPU.Build.0 = Debug|Any CPU
		{6048438C-7B2D-4826-B7E6-B0C80FBC14A9}.Release|Any CPU.ActiveCfg = Release|Any CPU
		{6048438C-7B2D-4826-B7E6-B0C80FBC14A9}.Release|Any CPU.Build.0 = Release|Any CPU
		{94202DB0-C21C-4C30-8382-7B2B7FB9B614}.Debug|Any CPU.ActiveCfg = Debug|Any CPU
		{94202DB0-C21C-4C30-8382-7B2B7FB9B614}.Debug|Any CPU.Build.0 = Debug|Any CPU
		{94202DB0-C21C-4C30-8382-7B2B7FB9B614}.Release|Any CPU.ActiveCfg = Release|Any CPU
		{94202DB0-C21C-4C30-8382-7B2B7FB9B614}.Release|Any CPU.Build.0 = Release|Any CPU
		{2A0BAA8D-4FB2-47AC-AD2F-9EE6036E260B}.Debug|Any CPU.ActiveCfg = Debug|Any CPU
		{2A0BAA8D-4FB2-47AC-AD2F-9EE6036E260B}.Debug|Any CPU.Build.0 = Debug|Any CPU
		{2A0BAA8D-4FB2-47AC-AD2F-9EE6036E260B}.Release|Any CPU.ActiveCfg = Release|Any CPU
		{2A0BAA8D-4FB2-47AC-AD2F-9EE6036E260B}.Release|Any CPU.Build.0 = Release|Any CPU
		{C9AA7472-098C-4ADB-B4EE-BA22C795C685}.Debug|Any CPU.ActiveCfg = Debug|Any CPU
		{C9AA7472-098C-4ADB-B4EE-BA22C795C685}.Debug|Any CPU.Build.0 = Debug|Any CPU
		{C9AA7472-098C-4ADB-B4EE-BA22C795C685}.Release|Any CPU.ActiveCfg = Release|Any CPU
		{C9AA7472-098C-4ADB-B4EE-BA22C795C685}.Release|Any CPU.Build.0 = Release|Any CPU
	EndGlobalSection
	GlobalSection(SolutionProperties) = preSolution
		HideSolutionNode = FALSE
	EndGlobalSection
	GlobalSection(ExtensibilityGlobals) = postSolution
		SolutionGuid = {DDECB932-F6EB-4E10-9B65-5A5C721362CA}
	EndGlobalSection
EndGlobal
