
Microsoft Visual Studio Solution File, Format Version 12.00
# Visual Studio Version 17
VisualStudioVersion = 17.0.31903.59
MinimumVisualStudioVersion = 10.0.40219.1
Project("{2150E333-8FDC-42A3-9474-1A3956D46DE8}") = "Solution Items", "Solution Items", "{86DD53DB-646C-4E4D-A14C-9EDEC21D00F8}"
	ProjectSection(SolutionItems) = preProject
		.dockerignore = .dockerignore
		.env = .env
		.gitignore = .gitignore
		azure-pipelines.yml = azure-pipelines.yml
		docker-compose.yml = docker-compose.yml
		README.md = README.md
	EndProjectSection
EndProject
Project("{FAE04EC0-301F-11D3-BF4B-00C04F79EFBC}") = "Business.Domain", "src\YourBank.Business.Domain\Business.Domain.csproj", "{C9C74343-6876-4204-9CC0-1D6B291FD142}"
EndProject
Project("{FAE04EC0-301F-11D3-BF4B-00C04F79EFBC}") = "Business.Experts", "src\YourBank.Business.Experts\Business.Experts.csproj", "{334884E7-0B36-45E6-8C90-1085E179CE44}"
EndProject
Project("{FAE04EC0-301F-11D3-BF4B-00C04F79EFBC}") = "PricingEngineService", "src\YourBank.Infrastructure.PricingEngine\PricingEngineService.csproj", "{F676A253-578F-4A33-A331-D5C344476C31}"
EndProject
Project("{FAE04EC0-301F-11D3-BF4B-00C04F79EFBC}") = "AuditlService", "src\YourBank.Infrastructure.AuditTrail\AuditlService.csproj", "{D3974561-AB72-4AA9-B183-23596A2761A8}"
EndProject
Project("{FAE04EC0-301F-11D3-BF4B-00C04F79EFBC}") = "TradingPortal", "src\TradingPortal\TradingPortal.csproj", "{2ADBC52A-4A46-4790-B481-04F452471B7C}"
EndProject
Project("{FAE04EC0-301F-11D3-BF4B-00C04F79EFBC}") = "ApiGateway", "src\ApiGateway\ApiGateway.csproj", "{64428D44-64A2-4C88-9DD4-375211736E10}"
EndProject
Project("{FAE04EC0-301F-11D3-BF4B-00C04F79EFBC}") = "IdentityService", "src\IdentityService\IdentityService.csproj", "{0993E2BC-BB1E-4A80-AB1F-DCF28F27DE63}"
EndProject
Project("{FAE04EC0-301F-11D3-BF4B-00C04F79EFBC}") = "TradingPortal.Blazor", "src\TradingPortal.Blazor\TradingPortal.Blazor.csproj", "{DC9FCB09-2EAE-4697-A4DD-7FE6D06D6BEC}"
EndProject
Project("{FAE04EC0-301F-11D3-BF4B-00C04F79EFBC}") = "Infrastructure", "src\Infrastructure\Infrastructure.csproj", "{AC69EB60-D180-4A4B-BBEF-06A31C2DE1CC}"
EndProject
Project("{FAE04EC0-301F-11D3-BF4B-00C04F79EFBC}") = "YourBank.Tests", "src\YourBank.Tests\YourBank.Tests.csproj", "{B34488D1-6F64-C34D-36D6-64C729C6A5BD}"
EndProject
Project("{FAE04EC0-301F-11D3-BF4B-00C04F79EFBC}") = "TradingService", "src\TradingService\TradingService.csproj", "{97E4E7DD-0FBC-2ACB-BACA-7C672C874A82}"
EndProject
Project("{FAE04EC0-301F-11D3-BF4B-00C04F79EFBC}") = "RiskService", "src\RiskService\RiskService.csproj", "{F3431DEF-C8E2-B7BF-B8A5-57B7B33B06B5}"
EndProject
Project("{FAE04EC0-301F-11D3-BF4B-00C04F79EFBC}") = "ComplianceService", "src\ComplianceService\ComplianceService.csproj", "{3BF60E22-E16A-11FB-4978-2D2F7DD1959C}"
EndProject
Project("{FAE04EC0-301F-11D3-BF4B-00C04F79EFBC}") = "MonitoringService", "src\MonitoringService\MonitoringService.csproj", "{D1A8FCFD-C88F-440D-9DDC-815C28FE14FE}"
EndProject
Global
	GlobalSection(SolutionConfigurationPlatforms) = preSolution
		Debug|Any CPU = Debug|Any CPU
		Release|Any CPU = Release|Any CPU
	EndGlobalSection
	GlobalSection(ProjectConfigurationPlatforms) = postSolution
		{C9C74343-6876-4204-9CC0-1D6B291FD142}.Debug|Any CPU.ActiveCfg = Debug|Any CPU
		{C9C74343-6876-4204-9CC0-1D6B291FD142}.Debug|Any CPU.Build.0 = Debug|Any CPU
		{C9C74343-6876-4204-9CC0-1D6B291FD142}.Release|Any CPU.ActiveCfg = Release|Any CPU
		{C9C74343-6876-4204-9CC0-1D6B291FD142}.Release|Any CPU.Build.0 = Release|Any CPU
		{334884E7-0B36-45E6-8C90-1085E179CE44}.Debug|Any CPU.ActiveCfg = Debug|Any CPU
		{334884E7-0B36-45E6-8C90-1085E179CE44}.Debug|Any CPU.Build.0 = Debug|Any CPU
		{334884E7-0B36-45E6-8C90-1085E179CE44}.Release|Any CPU.ActiveCfg = Release|Any CPU
		{334884E7-0B36-45E6-8C90-1085E179CE44}.Release|Any CPU.Build.0 = Release|Any CPU
		{F676A253-578F-4A33-A331-D5C344476C31}.Debug|Any CPU.ActiveCfg = Debug|Any CPU
		{F676A253-578F-4A33-A331-D5C344476C31}.Debug|Any CPU.Build.0 = Debug|Any CPU
		{F676A253-578F-4A33-A331-D5C344476C31}.Release|Any CPU.ActiveCfg = Release|Any CPU
		{F676A253-578F-4A33-A331-D5C344476C31}.Release|Any CPU.Build.0 = Release|Any CPU
		{D3974561-AB72-4AA9-B183-23596A2761A8}.Debug|Any CPU.ActiveCfg = Debug|Any CPU
		{D3974561-AB72-4AA9-B183-23596A2761A8}.Debug|Any CPU.Build.0 = Debug|Any CPU
		{D3974561-AB72-4AA9-B183-23596A2761A8}.Release|Any CPU.ActiveCfg = Release|Any CPU
		{D3974561-AB72-4AA9-B183-23596A2761A8}.Release|Any CPU.Build.0 = Release|Any CPU
		{2ADBC52A-4A46-4790-B481-04F452471B7C}.Debug|Any CPU.ActiveCfg = Debug|Any CPU
		{2ADBC52A-4A46-4790-B481-04F452471B7C}.Debug|Any CPU.Build.0 = Debug|Any CPU
		{2ADBC52A-4A46-4790-B481-04F452471B7C}.Release|Any CPU.ActiveCfg = Release|Any CPU
		{2ADBC52A-4A46-4790-B481-04F452471B7C}.Release|Any CPU.Build.0 = Release|Any CPU
		{64428D44-64A2-4C88-9DD4-375211736E10}.Debug|Any CPU.ActiveCfg = Debug|Any CPU
		{64428D44-64A2-4C88-9DD4-375211736E10}.Debug|Any CPU.Build.0 = Debug|Any CPU
		{64428D44-64A2-4C88-9DD4-375211736E10}.Release|Any CPU.ActiveCfg = Release|Any CPU
		{64428D44-64A2-4C88-9DD4-375211736E10}.Release|Any CPU.Build.0 = Release|Any CPU
		{0993E2BC-BB1E-4A80-AB1F-DCF28F27DE63}.Debug|Any CPU.ActiveCfg = Debug|Any CPU
		{0993E2BC-BB1E-4A80-AB1F-DCF28F27DE63}.Debug|Any CPU.Build.0 = Debug|Any CPU
		{0993E2BC-BB1E-4A80-AB1F-DCF28F27DE63}.Release|Any CPU.ActiveCfg = Release|Any CPU
		{0993E2BC-BB1E-4A80-AB1F-DCF28F27DE63}.Release|Any CPU.Build.0 = Release|Any CPU
		{DC9FCB09-2EAE-4697-A4DD-7FE6D06D6BEC}.Debug|Any CPU.ActiveCfg = Debug|Any CPU
		{DC9FCB09-2EAE-4697-A4DD-7FE6D06D6BEC}.Debug|Any CPU.Build.0 = Debug|Any CPU
		{DC9FCB09-2EAE-4697-A4DD-7FE6D06D6BEC}.Release|Any CPU.ActiveCfg = Release|Any CPU
		{DC9FCB09-2EAE-4697-A4DD-7FE6D06D6BEC}.Release|Any CPU.Build.0 = Release|Any CPU
		{AC69EB60-D180-4A4B-BBEF-06A31C2DE1CC}.Debug|Any CPU.ActiveCfg = Debug|Any CPU
		{AC69EB60-D180-4A4B-BBEF-06A31C2DE1CC}.Debug|Any CPU.Build.0 = Debug|Any CPU
		{AC69EB60-D180-4A4B-BBEF-06A31C2DE1CC}.Release|Any CPU.ActiveCfg = Release|Any CPU
		{AC69EB60-D180-4A4B-BBEF-06A31C2DE1CC}.Release|Any CPU.Build.0 = Release|Any CPU
		{B34488D1-6F64-C34D-36D6-64C729C6A5BD}.Debug|Any CPU.ActiveCfg = Debug|Any CPU
		{B34488D1-6F64-C34D-36D6-64C729C6A5BD}.Debug|Any CPU.Build.0 = Debug|Any CPU
		{B34488D1-6F64-C34D-36D6-64C729C6A5BD}.Release|Any CPU.ActiveCfg = Release|Any CPU
		{B34488D1-6F64-C34D-36D6-64C729C6A5BD}.Release|Any CPU.Build.0 = Release|Any CPU
		{97E4E7DD-0FBC-2ACB-BACA-7C672C874A82}.Debug|Any CPU.ActiveCfg = Debug|Any CPU
		{97E4E7DD-0FBC-2ACB-BACA-7C672C874A82}.Debug|Any CPU.Build.0 = Debug|Any CPU
		{97E4E7DD-0FBC-2ACB-BACA-7C672C874A82}.Release|Any CPU.ActiveCfg = Release|Any CPU
		{97E4E7DD-0FBC-2ACB-BACA-7C672C874A82}.Release|Any CPU.Build.0 = Release|Any CPU
		{F3431DEF-C8E2-B7BF-B8A5-57B7B33B06B5}.Debug|Any CPU.ActiveCfg = Debug|Any CPU
		{F3431DEF-C8E2-B7BF-B8A5-57B7B33B06B5}.Debug|Any CPU.Build.0 = Debug|Any CPU
		{F3431DEF-C8E2-B7BF-B8A5-57B7B33B06B5}.Release|Any CPU.ActiveCfg = Release|Any CPU
		{F3431DEF-C8E2-B7BF-B8A5-57B7B33B06B5}.Release|Any CPU.Build.0 = Release|Any CPU
		{3BF60E22-E16A-11FB-4978-2D2F7DD1959C}.Debug|Any CPU.ActiveCfg = Debug|Any CPU
		{3BF60E22-E16A-11FB-4978-2D2F7DD1959C}.Debug|Any CPU.Build.0 = Debug|Any CPU
		{3BF60E22-E16A-11FB-4978-2D2F7DD1959C}.Release|Any CPU.ActiveCfg = Release|Any CPU
		{3BF60E22-E16A-11FB-4978-2D2F7DD1959C}.Release|Any CPU.Build.0 = Release|Any CPU
		{D1A8FCFD-C88F-440D-9DDC-815C28FE14FE}.Debug|Any CPU.ActiveCfg = Debug|Any CPU
		{D1A8FCFD-C88F-440D-9DDC-815C28FE14FE}.Debug|Any CPU.Build.0 = Debug|Any CPU
		{D1A8FCFD-C88F-440D-9DDC-815C28FE14FE}.Release|Any CPU.ActiveCfg = Release|Any CPU
		{D1A8FCFD-C88F-440D-9DDC-815C28FE14FE}.Release|Any CPU.Build.0 = Release|Any CPU
	EndGlobalSection
	GlobalSection(SolutionProperties) = preSolution
		HideSolutionNode = FALSE
	EndGlobalSection
	GlobalSection(ExtensibilityGlobals) = postSolution
		SolutionGuid = {034506CA-413A-4B07-875B-551801C3DDB9}
	EndGlobalSection
EndGlobal
