
Microsoft Visual Studio Solution File, Format Version 12.00
# Visual Studio Version 17
VisualStudioVersion = 17.0.31903.59
MinimumVisualStudioVersion = 10.0.40219.1
Project("{FAE04EC0-301F-11D3-BF4B-00C04F79EFBC}") = "IdentityService", "src\YourBank.Infrastructure.IdentityService\IdentityService.csproj", "{0A2C6921-4D31-468B-9CEF-4F4249FACCFB}"
EndProject
Project("{2150E333-8FDC-42A3-9474-1A3956D46DE8}") = "Solution Items", "Solution Items", "{86DD53DB-646C-4E4D-A14C-9EDEC21D00F8}"
	ProjectSection(SolutionItems) = preProject
		.dockerignore = .dockerignore
		.env = .env
		.gitignore = .gitignore
		azure-pipelines.yml = azure-pipelines.yml
		docker-compose.yml = docker-compose.yml
		README.md = README.md
	EndProjectSection
EndProject
Project("{FAE04EC0-301F-11D3-BF4B-00C04F79EFBC}") = "Business.Domain", "src\YourBank.Business.Domain\Business.Domain.csproj", "{C9C74343-6876-4204-9CC0-1D6B291FD142}"
EndProject
Project("{FAE04EC0-301F-11D3-BF4B-00C04F79EFBC}") = "Business.Experts", "src\YourBank.Business.Experts\Business.Experts.csproj", "{334884E7-0B36-45E6-8C90-1085E179CE44}"
EndProject
Project("{FAE04EC0-301F-11D3-BF4B-00C04F79EFBC}") = "Infrastructure", "src\YourBank.Infrastructure\Infrastructure.csproj", "{1C3D58F6-7B16-49D3-BC19-F4153AA66FDA}"
EndProject
Project("{FAE04EC0-301F-11D3-BF4B-00C04F79EFBC}") = "OrderManagementService", "src\YourBank.Infrastructure.OrderManagement\OrderManagementService.csproj", "{A23BFEAB-B785-4142-9DE8-7C312BAF347C}"
EndProject
Project("{FAE04EC0-301F-11D3-BF4B-00C04F79EFBC}") = "PricingEngineService", "src\YourBank.Infrastructure.PricingEngine\PricingEngineService.csproj", "{F676A253-578F-4A33-A331-D5C344476C31}"
EndProject
Project("{FAE04EC0-301F-11D3-BF4B-00C04F79EFBC}") = "RiskService", "src\YourBank.Infrastructure.RiskService\RiskService.csproj", "{09EC35ED-6383-493B-AB46-DF9EFF12003C}"
EndProject
Project("{FAE04EC0-301F-11D3-BF4B-00C04F79EFBC}") = "ComplianceService", "src\YourBank.Infrastructure.ComplianceService\ComplianceService.csproj", "{A9339C02-893C-458F-9D3D-E11B5D7CA422}"
EndProject
Project("{FAE04EC0-301F-11D3-BF4B-00C04F79EFBC}") = "AuditTrailService", "src\YourBank.Infrastructure.AuditTrail\AuditTrailService.csproj", "{D3974561-AB72-4AA9-B183-23596A2761A8}"
EndProject
Project("{FAE04EC0-301F-11D3-BF4B-00C04F79EFBC}") = "PostExecutionMonitoringService", "src\YourBank.Infrastructure.PostExecutionMonitoring\PostExecutionMonitoringService.csproj", "{E685A815-2D97-4E9A-90D2-450BF200072E}"
EndProject
Project("{FAE04EC0-301F-11D3-BF4B-00C04F79EFBC}") = "TradingPortal", "src\YourBank.Infrastructure.TradingPortal\TradingPortal.csproj", "{62FAFE4E-7635-4EEE-94B5-59D4E8E90894}"
EndProject
Project("{FAE04EC0-301F-11D3-BF4B-00C04F79EFBC}") = "ApiGateway", "src\YourBank.Infrastructure.TradingGateway\ApiGateway.csproj", "{21B6AA75-E9BD-4A51-876C-B6217C694A78}"
EndProject
Global
	GlobalSection(SolutionConfigurationPlatforms) = preSolution
		Debug|Any CPU = Debug|Any CPU
		Release|Any CPU = Release|Any CPU
	EndGlobalSection
	GlobalSection(ProjectConfigurationPlatforms) = postSolution
		{0A2C6921-4D31-468B-9CEF-4F4249FACCFB}.Debug|Any CPU.ActiveCfg = Debug|Any CPU
		{0A2C6921-4D31-468B-9CEF-4F4249FACCFB}.Debug|Any CPU.Build.0 = Debug|Any CPU
		{0A2C6921-4D31-468B-9CEF-4F4249FACCFB}.Release|Any CPU.ActiveCfg = Release|Any CPU
		{0A2C6921-4D31-468B-9CEF-4F4249FACCFB}.Release|Any CPU.Build.0 = Release|Any CPU
		{C9C74343-6876-4204-9CC0-1D6B291FD142}.Debug|Any CPU.ActiveCfg = Debug|Any CPU
		{C9C74343-6876-4204-9CC0-1D6B291FD142}.Debug|Any CPU.Build.0 = Debug|Any CPU
		{C9C74343-6876-4204-9CC0-1D6B291FD142}.Release|Any CPU.ActiveCfg = Release|Any CPU
		{C9C74343-6876-4204-9CC0-1D6B291FD142}.Release|Any CPU.Build.0 = Release|Any CPU
		{334884E7-0B36-45E6-8C90-1085E179CE44}.Debug|Any CPU.ActiveCfg = Debug|Any CPU
		{334884E7-0B36-45E6-8C90-1085E179CE44}.Debug|Any CPU.Build.0 = Debug|Any CPU
		{334884E7-0B36-45E6-8C90-1085E179CE44}.Release|Any CPU.ActiveCfg = Release|Any CPU
		{334884E7-0B36-45E6-8C90-1085E179CE44}.Release|Any CPU.Build.0 = Release|Any CPU
		{1C3D58F6-7B16-49D3-BC19-F4153AA66FDA}.Debug|Any CPU.ActiveCfg = Debug|Any CPU
		{1C3D58F6-7B16-49D3-BC19-F4153AA66FDA}.Debug|Any CPU.Build.0 = Debug|Any CPU
		{1C3D58F6-7B16-49D3-BC19-F4153AA66FDA}.Release|Any CPU.ActiveCfg = Release|Any CPU
		{1C3D58F6-7B16-49D3-BC19-F4153AA66FDA}.Release|Any CPU.Build.0 = Release|Any CPU
		{A23BFEAB-B785-4142-9DE8-7C312BAF347C}.Debug|Any CPU.ActiveCfg = Debug|Any CPU
		{A23BFEAB-B785-4142-9DE8-7C312BAF347C}.Debug|Any CPU.Build.0 = Debug|Any CPU
		{A23BFEAB-B785-4142-9DE8-7C312BAF347C}.Release|Any CPU.ActiveCfg = Release|Any CPU
		{A23BFEAB-B785-4142-9DE8-7C312BAF347C}.Release|Any CPU.Build.0 = Release|Any CPU
		{F676A253-578F-4A33-A331-D5C344476C31}.Debug|Any CPU.ActiveCfg = Debug|Any CPU
		{F676A253-578F-4A33-A331-D5C344476C31}.Debug|Any CPU.Build.0 = Debug|Any CPU
		{F676A253-578F-4A33-A331-D5C344476C31}.Release|Any CPU.ActiveCfg = Release|Any CPU
		{F676A253-578F-4A33-A331-D5C344476C31}.Release|Any CPU.Build.0 = Release|Any CPU
		{09EC35ED-6383-493B-AB46-DF9EFF12003C}.Debug|Any CPU.ActiveCfg = Debug|Any CPU
		{09EC35ED-6383-493B-AB46-DF9EFF12003C}.Debug|Any CPU.Build.0 = Debug|Any CPU
		{09EC35ED-6383-493B-AB46-DF9EFF12003C}.Release|Any CPU.ActiveCfg = Release|Any CPU
		{09EC35ED-6383-493B-AB46-DF9EFF12003C}.Release|Any CPU.Build.0 = Release|Any CPU
		{A9339C02-893C-458F-9D3D-E11B5D7CA422}.Debug|Any CPU.ActiveCfg = Debug|Any CPU
		{A9339C02-893C-458F-9D3D-E11B5D7CA422}.Debug|Any CPU.Build.0 = Debug|Any CPU
		{A9339C02-893C-458F-9D3D-E11B5D7CA422}.Release|Any CPU.ActiveCfg = Release|Any CPU
		{A9339C02-893C-458F-9D3D-E11B5D7CA422}.Release|Any CPU.Build.0 = Release|Any CPU
		{D3974561-AB72-4AA9-B183-23596A2761A8}.Debug|Any CPU.ActiveCfg = Debug|Any CPU
		{D3974561-AB72-4AA9-B183-23596A2761A8}.Debug|Any CPU.Build.0 = Debug|Any CPU
		{D3974561-AB72-4AA9-B183-23596A2761A8}.Release|Any CPU.ActiveCfg = Release|Any CPU
		{D3974561-AB72-4AA9-B183-23596A2761A8}.Release|Any CPU.Build.0 = Release|Any CPU
		{E685A815-2D97-4E9A-90D2-450BF200072E}.Debug|Any CPU.ActiveCfg = Debug|Any CPU
		{E685A815-2D97-4E9A-90D2-450BF200072E}.Debug|Any CPU.Build.0 = Debug|Any CPU
		{E685A815-2D97-4E9A-90D2-450BF200072E}.Release|Any CPU.ActiveCfg = Release|Any CPU
		{E685A815-2D97-4E9A-90D2-450BF200072E}.Release|Any CPU.Build.0 = Release|Any CPU
		{62FAFE4E-7635-4EEE-94B5-59D4E8E90894}.Debug|Any CPU.ActiveCfg = Debug|Any CPU
		{62FAFE4E-7635-4EEE-94B5-59D4E8E90894}.Debug|Any CPU.Build.0 = Debug|Any CPU
		{62FAFE4E-7635-4EEE-94B5-59D4E8E90894}.Release|Any CPU.ActiveCfg = Release|Any CPU
		{62FAFE4E-7635-4EEE-94B5-59D4E8E90894}.Release|Any CPU.Build.0 = Release|Any CPU
		{21B6AA75-E9BD-4A51-876C-B6217C694A78}.Debug|Any CPU.ActiveCfg = Debug|Any CPU
		{21B6AA75-E9BD-4A51-876C-B6217C694A78}.Debug|Any CPU.Build.0 = Debug|Any CPU
		{21B6AA75-E9BD-4A51-876C-B6217C694A78}.Release|Any CPU.ActiveCfg = Release|Any CPU
		{21B6AA75-E9BD-4A51-876C-B6217C694A78}.Release|Any CPU.Build.0 = Release|Any CPU
	EndGlobalSection
	GlobalSection(SolutionProperties) = preSolution
		HideSolutionNode = FALSE
	EndGlobalSection
EndGlobal
