
Microsoft Visual Studio Solution File, Format Version 12.00
# Visual Studio Version 17
VisualStudioVersion = 17.0.31903.59
MinimumVisualStudioVersion = 10.0.40219.1
Project("{2150E333-8FDC-42A3-9474-1A3956D46DE8}") = "Solution Items", "Solution Items", "{6FB86502-8350-4156-9ECE-A7D5C93F71F4}"
	ProjectSection(SolutionItems) = preProject
		docker-compose.yml = docker-compose.yml
	EndProjectSection
EndProject
Project("{FAE04EC0-301F-11D3-BF4B-00C04F79EFBC}") = "YourBank.Infrastructure.IdentityService", "src\YourBank.Infrastructure.IdentityService\YourBank.Infrastructure.IdentityService.csproj", "{0A2C6921-4D31-468B-9CEF-4F4249FACCFB}"
EndProject
Global
	GlobalSection(SolutionConfigurationPlatforms) = preSolution
		Debug|Any CPU = Debug|Any CPU
		Release|Any CPU = Release|Any CPU
	EndGlobalSection
	GlobalSection(ProjectConfigurationPlatforms) = postSolution
		{0A2C6921-4D31-468B-9CEF-4F4249FACCFB}.Debug|Any CPU.ActiveCfg = Debug|Any CPU
		{0A2C6921-4D31-468B-9CEF-4F4249FACCFB}.Debug|Any CPU.Build.0 = Debug|Any CPU
		{0A2C6921-4D31-468B-9CEF-4F4249FACCFB}.Release|Any CPU.ActiveCfg = Release|Any CPU
		{0A2C6921-4D31-468B-9CEF-4F4249FACCFB}.Release|Any CPU.Build.0 = Release|Any CPU
	EndGlobalSection
	GlobalSection(SolutionProperties) = preSolution
		HideSolutionNode = FALSE
	EndGlobalSection
EndGlobal
